
Microsoft Visual Studio Solution File, Format Version 12.00
# Visual Studio Version 16
VisualStudioVersion = 16.0.29324.140
MinimumVisualStudioVersion = 10.0.40219.1
Project("{9A19103F-16F7-4668-BE54-9A1E7A4F7556}") = "VaryenceServer", "Varyence\VaryenceServer.csproj", "{D9552544-A74D-4354-B8BB-16B39CC8F325}"
EndProject
Project("{FAE04EC0-301F-11D3-BF4B-00C04F79EFBC}") = "Varyence.Models", "Varyence.Models\Varyence.Models.csproj", "{7CC43E20-4DDE-4E1F-8256-5D44F663D2AE}"
EndProject
Project("{FAE04EC0-301F-11D3-BF4B-00C04F79EFBC}") = "Varyence.GeocodingServices", "Varyence.GeocodingServices\Varyence.GeocodingServices.csproj", "{C52F5485-D46B-4613-A0A3-654E3CF98353}"
	ProjectSection(ProjectDependencies) = postProject
		{7CC43E20-4DDE-4E1F-8256-5D44F663D2AE} = {7CC43E20-4DDE-4E1F-8256-5D44F663D2AE}
	EndProjectSection
EndProject
Project("{FAE04EC0-301F-11D3-BF4B-00C04F79EFBC}") = "Varyence.Mapper", "Varyence.Mapper\Varyence.Mapper.csproj", "{FB4601F3-2602-41F9-9D94-73468987828F}"
EndProject
Global
	GlobalSection(SolutionConfigurationPlatforms) = preSolution
		Debug|Any CPU = Debug|Any CPU
		Release|Any CPU = Release|Any CPU
	EndGlobalSection
	GlobalSection(ProjectConfigurationPlatforms) = postSolution
		{D9552544-A74D-4354-B8BB-16B39CC8F325}.Debug|Any CPU.ActiveCfg = Debug|Any CPU
		{D9552544-A74D-4354-B8BB-16B39CC8F325}.Debug|Any CPU.Build.0 = Debug|Any CPU
		{D9552544-A74D-4354-B8BB-16B39CC8F325}.Release|Any CPU.ActiveCfg = Release|Any CPU
		{D9552544-A74D-4354-B8BB-16B39CC8F325}.Release|Any CPU.Build.0 = Release|Any CPU
		{7CC43E20-4DDE-4E1F-8256-5D44F663D2AE}.Debug|Any CPU.ActiveCfg = Debug|Any CPU
		{7CC43E20-4DDE-4E1F-8256-5D44F663D2AE}.Debug|Any CPU.Build.0 = Debug|Any CPU
		{7CC43E20-4DDE-4E1F-8256-5D44F663D2AE}.Release|Any CPU.ActiveCfg = Release|Any CPU
		{7CC43E20-4DDE-4E1F-8256-5D44F663D2AE}.Release|Any CPU.Build.0 = Release|Any CPU
		{C52F5485-D46B-4613-A0A3-654E3CF98353}.Debug|Any CPU.ActiveCfg = Debug|Any CPU
		{C52F5485-D46B-4613-A0A3-654E3CF98353}.Debug|Any CPU.Build.0 = Debug|Any CPU
		{C52F5485-D46B-4613-A0A3-654E3CF98353}.Release|Any CPU.ActiveCfg = Release|Any CPU
		{C52F5485-D46B-4613-A0A3-654E3CF98353}.Release|Any CPU.Build.0 = Release|Any CPU
		{FB4601F3-2602-41F9-9D94-73468987828F}.Debug|Any CPU.ActiveCfg = Debug|Any CPU
		{FB4601F3-2602-41F9-9D94-73468987828F}.Debug|Any CPU.Build.0 = Debug|Any CPU
		{FB4601F3-2602-41F9-9D94-73468987828F}.Release|Any CPU.ActiveCfg = Release|Any CPU
		{FB4601F3-2602-41F9-9D94-73468987828F}.Release|Any CPU.Build.0 = Release|Any CPU
	EndGlobalSection
	GlobalSection(SolutionProperties) = preSolution
		HideSolutionNode = FALSE
	EndGlobalSection
	GlobalSection(ExtensibilityGlobals) = postSolution
		SolutionGuid = {82E9DA20-C43F-408F-954E-C970AA5C0F4E}
	EndGlobalSection
EndGlobal
